dependencies:
- name: couchbase
  repository: oci://registry.0x42.in/genesis-avalon/helm
  version: 0.1.1
- name: genesis-avalon-ui
  repository: oci://registry.0x42.in/genesis-avalon/helm
  version: 1.0.4
- name: genesis-avalon-gateway
  repository: oci://registry.0x42.in/genesis-avalon/helm
  version: 1.0.6
- name: genesis-avalon-daemon
  repository: oci://registry.0x42.in/genesis-avalon/helm
  version: 0.4.0
- name: nats
  repository: https://nats-io.github.io/k8s/helm/charts/
  version: 1.1.9
digest: sha256:a3a36a223c735e1c72397207d8c526b199d20af69d5f03e2b334f0c5ed305fd6
generated: "2024-03-06T08:29:54.750989Z"
