dependencies:
- name: couchbase
  repository: oci://registry.0x42.in/genesis-avalon/helm
  version: 0.1.1
- name: genesis-avalon-ui
  repository: oci://registry.0x42.in/genesis-avalon/helm
  version: 1.0.3
- name: genesis-avalon-gateway
  repository: oci://registry.0x42.in/genesis-avalon/helm
  version: 1.0.5
- name: genesis-avalon-daemon
  repository: oci://registry.0x42.in/genesis-avalon/helm
  version: 0.3.0
- name: nats
  repository: https://nats-io.github.io/k8s/helm/charts/
  version: 1.1.9
digest: sha256:fd7d115246a81d46e79c7a4a2dad273dd195a511231e6cb8f795a68d73f5602f
generated: "2024-03-05T22:56:40.461673Z"
