dependencies:
- name: couchbase
  repository: oci://registry.0x42.in/genesis-avalon/helm
  version: 0.1.1
- name: genesis-avalon-ui
  repository: oci://registry.0x42.in/genesis-avalon/helm
  version: 1.0.1
- name: genesis-avalon-gateway
  repository: oci://registry.0x42.in/genesis-avalon/helm
  version: 1.0.3
- name: nats
  repository: https://nats-io.github.io/k8s/helm/charts/
  version: 1.1.9
digest: sha256:7cd11f0b312448d1e8abce020337ab895a9fb4fbd9c7129c0d64a7516d8df5ae
generated: "2024-03-03T12:09:46.764425Z"
